// !$*UTF8*$!
{
	archiveVersion = 1;
	classes = {
	};
	objectVersion = 46;
	objects = {

/* Begin PBXBuildFile section */
		491261A41A71C27300F31DC0 /* StoreKit.framework in Frameworks */ = {isa = PBXBuildFile; fileRef = 491261A31A71C27300F31DC0 /* StoreKit.framework */; };
		491B900C1A6F219F00605CC9 /* AZERTY.xib in Resources */ = {isa = PBXBuildFile; fileRef = 491B900B1A6F219F00605CC9 /* AZERTY.xib */; };
		491B900F1A6F21BD00605CC9 /* Dvorak.xib in Resources */ = {isa = PBXBuildFile; fileRef = 491B900E1A6F21BD00605CC9 /* Dvorak.xib */; };
		491B90111A6F21C700605CC9 /* Colemak.xib in Resources */ = {isa = PBXBuildFile; fileRef = 491B90101A6F21C700605CC9 /* Colemak.xib */; };
		491B90131A6F21E100605CC9 /* Fitaly.xib in Resources */ = {isa = PBXBuildFile; fileRef = 491B90121A6F21E100605CC9 /* Fitaly.xib */; };
		491B90151A6F21F100605CC9 /* Tadpole.xib in Resources */ = {isa = PBXBuildFile; fileRef = 491B90141A6F21F100605CC9 /* Tadpole.xib */; };
		4940C95F1A6B472600E6BDCD /* CustomCell.swift in Sources */ = {isa = PBXBuildFile; fileRef = 4940C95E1A6B472600E6BDCD /* CustomCell.swift */; };
		4962995F1A6A216B008C431C /* AppDelegate.swift in Sources */ = {isa = PBXBuildFile; fileRef = 4962995E1A6A216B008C431C /* AppDelegate.swift */; };
		496299641A6A216B008C431C /* Main.storyboard in Resources */ = {isa = PBXBuildFile; fileRef = 496299621A6A216B008C431C /* Main.storyboard */; };
		496299661A6A216B008C431C /* Images.xcassets in Resources */ = {isa = PBXBuildFile; fileRef = 496299651A6A216B008C431C /* Images.xcassets */; };
		496299691A6A216B008C431C /* LaunchScreen.xib in Resources */ = {isa = PBXBuildFile; fileRef = 496299671A6A216B008C431C /* LaunchScreen.xib */; };
		496299751A6A216B008C431C /* altTests.swift in Sources */ = {isa = PBXBuildFile; fileRef = 496299741A6A216B008C431C /* altTests.swift */; };
		4962999E1A6A2CA1008C431C /* KeyboardViewController.swift in Sources */ = {isa = PBXBuildFile; fileRef = 4962999D1A6A2CA1008C431C /* KeyboardViewController.swift */; };
		496299A11A6A2CA1008C431C /* keyboard.appex in Embed App Extensions */ = {isa = PBXBuildFile; fileRef = 496299991A6A2CA1008C431C /* keyboard.appex */; settings = {ATTRIBUTES = (RemoveHeadersOnCopy, ); }; };
		496299A61A6A2D06008C431C /* Keyboards.plist in Resources */ = {isa = PBXBuildFile; fileRef = 496299A51A6A2D06008C431C /* Keyboards.plist */; };
		49EFF07D1A6D7FF900185F04 /* CustomKeyboard.xib in Resources */ = {isa = PBXBuildFile; fileRef = 49EFF07C1A6D7FF900185F04 /* CustomKeyboard.xib */; };
		49FE04E81A6C706300D59FB1 /* SelectTableViewController.swift in Sources */ = {isa = PBXBuildFile; fileRef = 49FE04E71A6C706300D59FB1 /* SelectTableViewController.swift */; };
		49FE04E91A6C70E600D59FB1 /* CustomCell.xib in Resources */ = {isa = PBXBuildFile; fileRef = 4940C95C1A6B43FC00E6BDCD /* CustomCell.xib */; };
/* End PBXBuildFile section */

/* Begin PBXContainerItemProxy section */
		4962996F1A6A216B008C431C /* PBXContainerItemProxy */ = {
			isa = PBXContainerItemProxy;
			containerPortal = 496299511A6A216B008C431C /* Project object */;
			proxyType = 1;
			remoteGlobalIDString = 496299581A6A216B008C431C;
			remoteInfo = alt;
		};
		4962999F1A6A2CA1008C431C /* PBXContainerItemProxy */ = {
			isa = PBXContainerItemProxy;
			containerPortal = 496299511A6A216B008C431C /* Project object */;
			proxyType = 1;
			remoteGlobalIDString = 496299981A6A2CA1008C431C;
			remoteInfo = keyboard;
		};
/* End PBXContainerItemProxy section */

/* Begin PBXCopyFilesBuildPhase section */
		496299901A6A21DD008C431C /* Embed App Extensions */ = {
			isa = PBXCopyFilesBuildPhase;
			buildActionMask = 2147483647;
			dstPath = "";
			dstSubfolderSpec = 13;
			files = (
				496299A11A6A2CA1008C431C /* keyboard.appex in Embed App Extensions */,
			);
			name = "Embed App Extensions";
			runOnlyForDeploymentPostprocessing = 0;
		};
/* End PBXCopyFilesBuildPhase section */

/* Begin PBXFileReference section */
		491261A31A71C27300F31DC0 /* StoreKit.framework */ = {isa = PBXFileReference; lastKnownFileType = wrapper.framework; name = StoreKit.framework; path = System/Library/Frameworks/StoreKit.framework; sourceTree = SDKROOT; };
		491261A61A71FB5500F31DC0 /* alt.entitlements */ = {isa = PBXFileReference; lastKnownFileType = text.xml; path = alt.entitlements; sourceTree = "<group>"; };
		491261B71A74C38A00F31DC0 /* keyboard.entitlements */ = {isa = PBXFileReference; lastKnownFileType = text.xml; path = keyboard.entitlements; sourceTree = "<group>"; };
		491B900B1A6F219F00605CC9 /* AZERTY.xib */ = {isa = PBXFileReference; fileEncoding = 4; lastKnownFileType = file.xib; path = AZERTY.xib; sourceTree = "<group>"; };
		491B900E1A6F21BD00605CC9 /* Dvorak.xib */ = {isa = PBXFileReference; fileEncoding = 4; lastKnownFileType = file.xib; path = Dvorak.xib; sourceTree = "<group>"; };
		491B90101A6F21C700605CC9 /* Colemak.xib */ = {isa = PBXFileReference; fileEncoding = 4; lastKnownFileType = file.xib; path = Colemak.xib; sourceTree = "<group>"; };
		491B90121A6F21E100605CC9 /* Fitaly.xib */ = {isa = PBXFileReference; fileEncoding = 4; lastKnownFileType = file.xib; path = Fitaly.xib; sourceTree = "<group>"; };
		491B90141A6F21F100605CC9 /* Tadpole.xib */ = {isa = PBXFileReference; fileEncoding = 4; lastKnownFileType = file.xib; path = Tadpole.xib; sourceTree = "<group>"; };
		4940C95C1A6B43FC00E6BDCD /* CustomCell.xib */ = {isa = PBXFileReference; fileEncoding = 4; lastKnownFileType = file.xib; name = CustomCell.xib; path = /Users/Andrew/Development/alt/alt/CustomCell.xib; sourceTree = "<absolute>"; };
		4940C95E1A6B472600E6BDCD /* CustomCell.swift */ = {isa = PBXFileReference; fileEncoding = 4; lastKnownFileType = sourcecode.swift; path = CustomCell.swift; sourceTree = "<group>"; };
		496299591A6A216B008C431C /* alt.app */ = {isa = PBXFileReference; explicitFileType = wrapper.application; includeInIndex = 0; path = alt.app; sourceTree = BUILT_PRODUCTS_DIR; };
		4962995D1A6A216B008C431C /* Info.plist */ = {isa = PBXFileReference; lastKnownFileType = text.plist.xml; path = Info.plist; sourceTree = "<group>"; };
		4962995E1A6A216B008C431C /* AppDelegate.swift */ = {isa = PBXFileReference; lastKnownFileType = sourcecode.swift; path = AppDelegate.swift; sourceTree = "<group>"; };
		496299631A6A216B008C431C /* Base */ = {isa = PBXFileReference; lastKnownFileType = file.storyboard; name = Base; path = Base.lproj/Main.storyboard; sourceTree = "<group>"; };
		496299651A6A216B008C431C /* Images.xcassets */ = {isa = PBXFileReference; lastKnownFileType = folder.assetcatalog; path = Images.xcassets; sourceTree = "<group>"; };
		496299681A6A216B008C431C /* Base */ = {isa = PBXFileReference; lastKnownFileType = file.xib; name = Base; path = Base.lproj/LaunchScreen.xib; sourceTree = "<group>"; };
		4962996E1A6A216B008C431C /* altTests.xctest */ = {isa = PBXFileReference; explicitFileType = wrapper.cfbundle; includeInIndex = 0; path = altTests.xctest; sourceTree = BUILT_PRODUCTS_DIR; };
		496299731A6A216B008C431C /* Info.plist */ = {isa = PBXFileReference; lastKnownFileType = text.plist.xml; path = Info.plist; sourceTree = "<group>"; };
		496299741A6A216B008C431C /* altTests.swift */ = {isa = PBXFileReference; lastKnownFileType = sourcecode.swift; path = altTests.swift; sourceTree = "<group>"; };
		496299991A6A2CA1008C431C /* keyboard.appex */ = {isa = PBXFileReference; explicitFileType = "wrapper.app-extension"; includeInIndex = 0; path = keyboard.appex; sourceTree = BUILT_PRODUCTS_DIR; };
		4962999C1A6A2CA1008C431C /* Info.plist */ = {isa = PBXFileReference; lastKnownFileType = text.plist.xml; path = Info.plist; sourceTree = "<group>"; };
		4962999D1A6A2CA1008C431C /* KeyboardViewController.swift */ = {isa = PBXFileReference; lastKnownFileType = sourcecode.swift; path = KeyboardViewController.swift; sourceTree = "<group>"; };
		496299A51A6A2D06008C431C /* Keyboards.plist */ = {isa = PBXFileReference; fileEncoding = 4; lastKnownFileType = text.plist.xml; path = Keyboards.plist; sourceTree = "<group>"; };
		49EFF07C1A6D7FF900185F04 /* CustomKeyboard.xib */ = {isa = PBXFileReference; fileEncoding = 4; lastKnownFileType = file.xib; path = CustomKeyboard.xib; sourceTree = "<group>"; };
		49FE04E71A6C706300D59FB1 /* SelectTableViewController.swift */ = {isa = PBXFileReference; fileEncoding = 4; lastKnownFileType = sourcecode.swift; path = SelectTableViewController.swift; sourceTree = "<group>"; };
/* End PBXFileReference section */

/* Begin PBXFrameworksBuildPhase section */
		496299561A6A216B008C431C /* Frameworks */ = {
			isa = PBXFrameworksBuildPhase;
			buildActionMask = 2147483647;
			files = (
				491261A41A71C27300F31DC0 /* StoreKit.framework in Frameworks */,
			);
			runOnlyForDeploymentPostprocessing = 0;
		};
		4962996B1A6A216B008C431C /* Frameworks */ = {
			isa = PBXFrameworksBuildPhase;
			buildActionMask = 2147483647;
			files = (
			);
			runOnlyForDeploymentPostprocessing = 0;
		};
		496299961A6A2CA1008C431C /* Frameworks */ = {
			isa = PBXFrameworksBuildPhase;
			buildActionMask = 2147483647;
			files = (
			);
			runOnlyForDeploymentPostprocessing = 0;
		};
/* End PBXFrameworksBuildPhase section */

/* Begin PBXGroup section */
		491B900D1A6F21A700605CC9 /* Keyboards */ = {
			isa = PBXGroup;
			children = (
				491B900E1A6F21BD00605CC9 /* Dvorak.xib */,
				491B900B1A6F219F00605CC9 /* AZERTY.xib */,
				491B90101A6F21C700605CC9 /* Colemak.xib */,
				491B90121A6F21E100605CC9 /* Fitaly.xib */,
				491B90141A6F21F100605CC9 /* Tadpole.xib */,
			);
			name = Keyboards;
			sourceTree = "<group>";
		};
		496299501A6A216B008C431C = {
			isa = PBXGroup;
			children = (
				491261A31A71C27300F31DC0 /* StoreKit.framework */,
				4962995B1A6A216B008C431C /* alt */,
				496299711A6A216B008C431C /* altTests */,
				4962999A1A6A2CA1008C431C /* keyboard */,
				4962995A1A6A216B008C431C /* Products */,
			);
			sourceTree = "<group>";
		};
		4962995A1A6A216B008C431C /* Products */ = {
			isa = PBXGroup;
			children = (
				496299591A6A216B008C431C /* alt.app */,
				4962996E1A6A216B008C431C /* altTests.xctest */,
				496299991A6A2CA1008C431C /* keyboard.appex */,
			);
			name = Products;
			sourceTree = "<group>";
		};
		4962995B1A6A216B008C431C /* alt */ = {
			isa = PBXGroup;
			children = (
				491261A61A71FB5500F31DC0 /* alt.entitlements */,
				49FE04E71A6C706300D59FB1 /* SelectTableViewController.swift */,
				4962995E1A6A216B008C431C /* AppDelegate.swift */,
				496299621A6A216B008C431C /* Main.storyboard */,
				4940C95C1A6B43FC00E6BDCD /* CustomCell.xib */,
				4940C95E1A6B472600E6BDCD /* CustomCell.swift */,
				496299651A6A216B008C431C /* Images.xcassets */,
				496299671A6A216B008C431C /* LaunchScreen.xib */,
				491B900D1A6F21A700605CC9 /* Keyboards */,
				4962995C1A6A216B008C431C /* Supporting Files */,
			);
			path = alt;
			sourceTree = "<group>";
		};
		4962995C1A6A216B008C431C /* Supporting Files */ = {
			isa = PBXGroup;
			children = (
				4962995D1A6A216B008C431C /* Info.plist */,
				496299A51A6A2D06008C431C /* Keyboards.plist */,
			);
			name = "Supporting Files";
			sourceTree = "<group>";
		};
		496299711A6A216B008C431C /* altTests */ = {
			isa = PBXGroup;
			children = (
				496299741A6A216B008C431C /* altTests.swift */,
				496299721A6A216B008C431C /* Supporting Files */,
			);
			path = altTests;
			sourceTree = "<group>";
		};
		496299721A6A216B008C431C /* Supporting Files */ = {
			isa = PBXGroup;
			children = (
				496299731A6A216B008C431C /* Info.plist */,
			);
			name = "Supporting Files";
			sourceTree = "<group>";
		};
		4962999A1A6A2CA1008C431C /* keyboard */ = {
			isa = PBXGroup;
			children = (
				491261B71A74C38A00F31DC0 /* keyboard.entitlements */,
				49EFF07C1A6D7FF900185F04 /* CustomKeyboard.xib */,
				4962999D1A6A2CA1008C431C /* KeyboardViewController.swift */,
				4962999B1A6A2CA1008C431C /* Supporting Files */,
			);
			path = keyboard;
			sourceTree = "<group>";
		};
		4962999B1A6A2CA1008C431C /* Supporting Files */ = {
			isa = PBXGroup;
			children = (
				4962999C1A6A2CA1008C431C /* Info.plist */,
			);
			name = "Supporting Files";
			sourceTree = "<group>";
		};
/* End PBXGroup section */

/* Begin PBXNativeTarget section */
		496299581A6A216B008C431C /* alt */ = {
			isa = PBXNativeTarget;
			buildConfigurationList = 496299781A6A216B008C431C /* Build configuration list for PBXNativeTarget "alt" */;
			buildPhases = (
				496299551A6A216B008C431C /* Sources */,
				496299561A6A216B008C431C /* Frameworks */,
				496299571A6A216B008C431C /* Resources */,
				496299901A6A21DD008C431C /* Embed App Extensions */,
			);
			buildRules = (
			);
			dependencies = (
				496299A01A6A2CA1008C431C /* PBXTargetDependency */,
			);
			name = alt;
			productName = alt;
			productReference = 496299591A6A216B008C431C /* alt.app */;
			productType = "com.apple.product-type.application";
		};
		4962996D1A6A216B008C431C /* altTests */ = {
			isa = PBXNativeTarget;
			buildConfigurationList = 4962997B1A6A216B008C431C /* Build configuration list for PBXNativeTarget "altTests" */;
			buildPhases = (
				4962996A1A6A216B008C431C /* Sources */,
				4962996B1A6A216B008C431C /* Frameworks */,
				4962996C1A6A216B008C431C /* Resources */,
			);
			buildRules = (
			);
			dependencies = (
				496299701A6A216B008C431C /* PBXTargetDependency */,
			);
			name = altTests;
			productName = altTests;
			productReference = 4962996E1A6A216B008C431C /* altTests.xctest */;
			productType = "com.apple.product-type.bundle.unit-test";
		};
		496299981A6A2CA1008C431C /* keyboard */ = {
			isa = PBXNativeTarget;
			buildConfigurationList = 496299A21A6A2CA1008C431C /* Build configuration list for PBXNativeTarget "keyboard" */;
			buildPhases = (
				496299951A6A2CA1008C431C /* Sources */,
				496299961A6A2CA1008C431C /* Frameworks */,
				496299971A6A2CA1008C431C /* Resources */,
			);
			buildRules = (
			);
			dependencies = (
			);
			name = keyboard;
			productName = keyboard;
			productReference = 496299991A6A2CA1008C431C /* keyboard.appex */;
			productType = "com.apple.product-type.app-extension";
		};
/* End PBXNativeTarget section */

/* Begin PBXProject section */
		496299511A6A216B008C431C /* Project object */ = {
			isa = PBXProject;
			attributes = {
				CLASSPREFIX = "";
				LastUpgradeCheck = 0620;
				ORGANIZATIONNAME = dorystudios;
				TargetAttributes = {
					496299581A6A216B008C431C = {
						CreatedOnToolsVersion = 6.2;
						DevelopmentTeam = WHZ8QVFPRG;
						SystemCapabilities = {
							com.apple.ApplicationGroups.iOS = {
								enabled = 1;
							};
							com.apple.InAppPurchase = {
								enabled = 1;
							};
						};
					};
					4962996D1A6A216B008C431C = {
						CreatedOnToolsVersion = 6.2;
						TestTargetID = 496299581A6A216B008C431C;
					};
					496299981A6A2CA1008C431C = {
						CreatedOnToolsVersion = 6.2;
						DevelopmentTeam = WHZ8QVFPRG;
						SystemCapabilities = {
							com.apple.ApplicationGroups.iOS = {
								enabled = 1;
							};
						};
					};
				};
			};
			buildConfigurationList = 496299541A6A216B008C431C /* Build configuration list for PBXProject "alt" */;
			compatibilityVersion = "Xcode 3.2";
			developmentRegion = English;
			hasScannedForEncodings = 0;
			knownRegions = (
				en,
				Base,
			);
			mainGroup = 496299501A6A216B008C431C;
			productRefGroup = 4962995A1A6A216B008C431C /* Products */;
			projectDirPath = "";
			projectRoot = "";
			targets = (
				496299581A6A216B008C431C /* alt */,
				4962996D1A6A216B008C431C /* altTests */,
				496299981A6A2CA1008C431C /* keyboard */,
			);
		};
/* End PBXProject section */

/* Begin PBXResourcesBuildPhase section */
		496299571A6A216B008C431C /* Resources */ = {
			isa = PBXResourcesBuildPhase;
			buildActionMask = 2147483647;
			files = (
				491B90111A6F21C700605CC9 /* Colemak.xib in Resources */,
				491B900C1A6F219F00605CC9 /* AZERTY.xib in Resources */,
				49FE04E91A6C70E600D59FB1 /* CustomCell.xib in Resources */,
				496299641A6A216B008C431C /* Main.storyboard in Resources */,
				496299A61A6A2D06008C431C /* Keyboards.plist in Resources */,
				491B90151A6F21F100605CC9 /* Tadpole.xib in Resources */,
				496299691A6A216B008C431C /* LaunchScreen.xib in Resources */,
				496299661A6A216B008C431C /* Images.xcassets in Resources */,
				491B900F1A6F21BD00605CC9 /* Dvorak.xib in Resources */,
				491B90131A6F21E100605CC9 /* Fitaly.xib in Resources */,
			);
			runOnlyForDeploymentPostprocessing = 0;
		};
		4962996C1A6A216B008C431C /* Resources */ = {
			isa = PBXResourcesBuildPhase;
			buildActionMask = 2147483647;
			files = (
			);
			runOnlyForDeploymentPostprocessing = 0;
		};
		496299971A6A2CA1008C431C /* Resources */ = {
			isa = PBXResourcesBuildPhase;
			buildActionMask = 2147483647;
			files = (
				49EFF07D1A6D7FF900185F04 /* CustomKeyboard.xib in Resources */,
			);
			runOnlyForDeploymentPostprocessing = 0;
		};
/* End PBXResourcesBuildPhase section */

/* Begin PBXSourcesBuildPhase section */
		496299551A6A216B008C431C /* Sources */ = {
			isa = PBXSourcesBuildPhase;
			buildActionMask = 2147483647;
			files = (
				4962995F1A6A216B008C431C /* AppDelegate.swift in Sources */,
				4940C95F1A6B472600E6BDCD /* CustomCell.swift in Sources */,
				49FE04E81A6C706300D59FB1 /* SelectTableViewController.swift in Sources */,
			);
			runOnlyForDeploymentPostprocessing = 0;
		};
		4962996A1A6A216B008C431C /* Sources */ = {
			isa = PBXSourcesBuildPhase;
			buildActionMask = 2147483647;
			files = (
				496299751A6A216B008C431C /* altTests.swift in Sources */,
			);
			runOnlyForDeploymentPostprocessing = 0;
		};
		496299951A6A2CA1008C431C /* Sources */ = {
			isa = PBXSourcesBuildPhase;
			buildActionMask = 2147483647;
			files = (
				4962999E1A6A2CA1008C431C /* KeyboardViewController.swift in Sources */,
			);
			runOnlyForDeploymentPostprocessing = 0;
		};
/* End PBXSourcesBuildPhase section */

/* Begin PBXTargetDependency section */
		496299701A6A216B008C431C /* PBXTargetDependency */ = {
			isa = PBXTargetDependency;
			target = 496299581A6A216B008C431C /* alt */;
			targetProxy = 4962996F1A6A216B008C431C /* PBXContainerItemProxy */;
		};
		496299A01A6A2CA1008C431C /* PBXTargetDependency */ = {
			isa = PBXTargetDependency;
			target = 496299981A6A2CA1008C431C /* keyboard */;
			targetProxy = 4962999F1A6A2CA1008C431C /* PBXContainerItemProxy */;
		};
/* End PBXTargetDependency section */

/* Begin PBXVariantGroup section */
		496299621A6A216B008C431C /* Main.storyboard */ = {
			isa = PBXVariantGroup;
			children = (
				496299631A6A216B008C431C /* Base */,
			);
			name = Main.storyboard;
			sourceTree = "<group>";
		};
		496299671A6A216B008C431C /* LaunchScreen.xib */ = {
			isa = PBXVariantGroup;
			children = (
				496299681A6A216B008C431C /* Base */,
			);
			name = LaunchScreen.xib;
			sourceTree = "<group>";
		};
/* End PBXVariantGroup section */

/* Begin XCBuildConfiguration section */
		496299761A6A216B008C431C /* Debug */ = {
			isa = XCBuildConfiguration;
			buildSettings = {
				ALWAYS_SEARCH_USER_PATHS = NO;
				CLANG_CXX_LANGUAGE_STANDARD = "gnu++0x";
				CLANG_CXX_LIBRARY = "libc++";
				CLANG_ENABLE_MODULES = YES;
				CLANG_ENABLE_OBJC_ARC = YES;
				CLANG_WARN_BOOL_CONVERSION = YES;
				CLANG_WARN_CONSTANT_CONVERSION = YES;
				CLANG_WARN_DIRECT_OBJC_ISA_USAGE = YES_ERROR;
				CLANG_WARN_EMPTY_BODY = YES;
				CLANG_WARN_ENUM_CONVERSION = YES;
				CLANG_WARN_INT_CONVERSION = YES;
				CLANG_WARN_OBJC_ROOT_CLASS = YES_ERROR;
				CLANG_WARN_UNREACHABLE_CODE = YES;
				CLANG_WARN__DUPLICATE_METHOD_MATCH = YES;
				CODE_SIGN_IDENTITY = "iOS Development: Andrew Brandt (PTQU5JVZYM)";
				"CODE_SIGN_IDENTITY[sdk=iphoneos*]" = "iOS Development: Andrew Brandt (PTQU5JVZYM)";
				COPY_PHASE_STRIP = NO;
				ENABLE_STRICT_OBJC_MSGSEND = YES;
				GCC_C_LANGUAGE_STANDARD = gnu99;
				GCC_DYNAMIC_NO_PIC = NO;
				GCC_OPTIMIZATION_LEVEL = 0;
				GCC_PREPROCESSOR_DEFINITIONS = (
					"DEBUG=1",
					"$(inherited)",
				);
				GCC_SYMBOLS_PRIVATE_EXTERN = NO;
				GCC_WARN_64_TO_32_BIT_CONVERSION = YES;
				GCC_WARN_ABOUT_RETURN_TYPE = YES_ERROR;
				GCC_WARN_UNDECLARED_SELECTOR = YES;
				GCC_WARN_UNINITIALIZED_AUTOS = YES_AGGRESSIVE;
				GCC_WARN_UNUSED_FUNCTION = YES;
				GCC_WARN_UNUSED_VARIABLE = YES;
				IPHONEOS_DEPLOYMENT_TARGET = 8.0;
				MTL_ENABLE_DEBUG_INFO = YES;
				ONLY_ACTIVE_ARCH = YES;
				SDKROOT = iphoneos;
				SWIFT_INSTALL_OBJC_HEADER = NO;
				SWIFT_OBJC_BRIDGING_HEADER = "";
				SWIFT_OPTIMIZATION_LEVEL = "-Onone";
				TARGETED_DEVICE_FAMILY = "1,2";
			};
			name = Debug;
		};
		496299771A6A216B008C431C /* Release */ = {
			isa = XCBuildConfiguration;
			buildSettings = {
				ALWAYS_SEARCH_USER_PATHS = NO;
				CLANG_CXX_LANGUAGE_STANDARD = "gnu++0x";
				CLANG_CXX_LIBRARY = "libc++";
				CLANG_ENABLE_MODULES = YES;
				CLANG_ENABLE_OBJC_ARC = YES;
				CLANG_WARN_BOOL_CONVERSION = YES;
				CLANG_WARN_CONSTANT_CONVERSION = YES;
				CLANG_WARN_DIRECT_OBJC_ISA_USAGE = YES_ERROR;
				CLANG_WARN_EMPTY_BODY = YES;
				CLANG_WARN_ENUM_CONVERSION = YES;
				CLANG_WARN_INT_CONVERSION = YES;
				CLANG_WARN_OBJC_ROOT_CLASS = YES_ERROR;
				CLANG_WARN_UNREACHABLE_CODE = YES;
				CLANG_WARN__DUPLICATE_METHOD_MATCH = YES;
				CODE_SIGN_IDENTITY = "iOS Development: Andrew Brandt (PTQU5JVZYM)";
				"CODE_SIGN_IDENTITY[sdk=iphoneos*]" = "iOS Development: Andrew Brandt (PTQU5JVZYM)";
				COPY_PHASE_STRIP = YES;
				ENABLE_NS_ASSERTIONS = NO;
				ENABLE_STRICT_OBJC_MSGSEND = YES;
				GCC_C_LANGUAGE_STANDARD = gnu99;
				GCC_WARN_64_TO_32_BIT_CONVERSION = YES;
				GCC_WARN_ABOUT_RETURN_TYPE = YES_ERROR;
				GCC_WARN_UNDECLARED_SELECTOR = YES;
				GCC_WARN_UNINITIALIZED_AUTOS = YES_AGGRESSIVE;
				GCC_WARN_UNUSED_FUNCTION = YES;
				GCC_WARN_UNUSED_VARIABLE = YES;
				IPHONEOS_DEPLOYMENT_TARGET = 8.0;
				MTL_ENABLE_DEBUG_INFO = NO;
				SDKROOT = iphoneos;
				SWIFT_INSTALL_OBJC_HEADER = NO;
				SWIFT_OBJC_BRIDGING_HEADER = "";
				TARGETED_DEVICE_FAMILY = "1,2";
				VALIDATE_PRODUCT = YES;
			};
			name = Release;
		};
		496299791A6A216B008C431C /* Debug */ = {
			isa = XCBuildConfiguration;
			buildSettings = {
				ASSETCATALOG_COMPILER_APPICON_NAME = AppIcon;
				CLANG_ENABLE_MODULES = YES;
				CODE_SIGN_ENTITLEMENTS = alt/alt.entitlements;
				CODE_SIGN_IDENTITY = "iPhone Developer";
				"CODE_SIGN_IDENTITY[sdk=iphoneos*]" = "iPhone Developer";
				EMBEDDED_CONTENT_CONTAINS_SWIFT = YES;
				INFOPLIST_FILE = alt/Info.plist;
				IPHONEOS_DEPLOYMENT_TARGET = 8.0;
				LD_RUNPATH_SEARCH_PATHS = "$(inherited) @executable_path/Frameworks";
				PRODUCT_NAME = "$(TARGET_NAME)";
				PROVISIONING_PROFILE = "";
				SWIFT_INSTALL_OBJC_HEADER = NO;
				SWIFT_OBJC_BRIDGING_HEADER = "";
				SWIFT_OPTIMIZATION_LEVEL = "-Onone";
				TARGETED_DEVICE_FAMILY = 1;
			};
			name = Debug;
		};
		4962997A1A6A216B008C431C /* Release */ = {
			isa = XCBuildConfiguration;
			buildSettings = {
				ASSETCATALOG_COMPILER_APPICON_NAME = AppIcon;
				CLANG_ENABLE_MODULES = YES;
				CODE_SIGN_ENTITLEMENTS = alt/alt.entitlements;
				CODE_SIGN_IDENTITY = "iPhone Developer";
				"CODE_SIGN_IDENTITY[sdk=iphoneos*]" = "iPhone Developer";
				EMBEDDED_CONTENT_CONTAINS_SWIFT = YES;
				INFOPLIST_FILE = alt/Info.plist;
				IPHONEOS_DEPLOYMENT_TARGET = 8.0;
				LD_RUNPATH_SEARCH_PATHS = "$(inherited) @executable_path/Frameworks";
				PRODUCT_NAME = "$(TARGET_NAME)";
				PROVISIONING_PROFILE = "";
				SWIFT_INSTALL_OBJC_HEADER = NO;
				SWIFT_OBJC_BRIDGING_HEADER = "";
				TARGETED_DEVICE_FAMILY = 1;
			};
			name = Release;
		};
		4962997C1A6A216B008C431C /* Debug */ = {
			isa = XCBuildConfiguration;
			buildSettings = {
				BUNDLE_LOADER = "$(TEST_HOST)";
				FRAMEWORK_SEARCH_PATHS = (
					"$(SDKROOT)/Developer/Library/Frameworks",
					"$(inherited)",
				);
				GCC_PREPROCESSOR_DEFINITIONS = (
					"DEBUG=1",
					"$(inherited)",
				);
				INFOPLIST_FILE = altTests/Info.plist;
				LD_RUNPATH_SEARCH_PATHS = "$(inherited) @executable_path/Frameworks @loader_path/Frameworks";
				PRODUCT_NAME = "$(TARGET_NAME)";
				TEST_HOST = "$(BUILT_PRODUCTS_DIR)/alt.app/alt";
			};
			name = Debug;
		};
		4962997D1A6A216B008C431C /* Release */ = {
			isa = XCBuildConfiguration;
			buildSettings = {
				BUNDLE_LOADER = "$(TEST_HOST)";
				FRAMEWORK_SEARCH_PATHS = (
					"$(SDKROOT)/Developer/Library/Frameworks",
					"$(inherited)",
				);
				INFOPLIST_FILE = altTests/Info.plist;
				LD_RUNPATH_SEARCH_PATHS = "$(inherited) @executable_path/Frameworks @loader_path/Frameworks";
				PRODUCT_NAME = "$(TARGET_NAME)";
				TEST_HOST = "$(BUILT_PRODUCTS_DIR)/alt.app/alt";
			};
			name = Release;
		};
		496299A31A6A2CA1008C431C /* Debug */ = {
			isa = XCBuildConfiguration;
			buildSettings = {
				CODE_SIGN_ENTITLEMENTS = keyboard/keyboard.entitlements;
				CODE_SIGN_IDENTITY = "iPhone Developer";
				"CODE_SIGN_IDENTITY[sdk=iphoneos*]" = "iPhone Developer";
				GCC_PREPROCESSOR_DEFINITIONS = (
					"DEBUG=1",
					"$(inherited)",
				);
				INFOPLIST_FILE = keyboard/Info.plist;
				IPHONEOS_DEPLOYMENT_TARGET = 8.0;
				LD_RUNPATH_SEARCH_PATHS = "$(inherited) @executable_path/Frameworks @executable_path/../../Frameworks";
				PRODUCT_NAME = "$(TARGET_NAME)";
				PROVISIONING_PROFILE = "";
				SKIP_INSTALL = YES;
			};
			name = Debug;
		};
		496299A41A6A2CA1008C431C /* Release */ = {
			isa = XCBuildConfiguration;
			buildSettings = {
				CODE_SIGN_ENTITLEMENTS = keyboard/keyboard.entitlements;
				CODE_SIGN_IDENTITY = "iPhone Developer";
				"CODE_SIGN_IDENTITY[sdk=iphoneos*]" = "iPhone Developer";
				INFOPLIST_FILE = keyboard/Info.plist;
				IPHONEOS_DEPLOYMENT_TARGET = 8.0;
				LD_RUNPATH_SEARCH_PATHS = "$(inherited) @executable_path/Frameworks @executable_path/../../Frameworks";
				PRODUCT_NAME = "$(TARGET_NAME)";
				PROVISIONING_PROFILE = "";
				SKIP_INSTALL = YES;
			};
			name = Release;
		};
/* End XCBuildConfiguration section */

/* Begin XCConfigurationList section */
		496299541A6A216B008C431C /* Build configuration list for PBXProject "alt" */ = {
			isa = XCConfigurationList;
			buildConfigurations = (
				496299761A6A216B008C431C /* Debug */,
				496299771A6A216B008C431C /* Release */,
			);
			defaultConfigurationIsVisible = 0;
			defaultConfigurationName = Release;
		};
		496299781A6A216B008C431C /* Build configuration list for PBXNativeTarget "alt" */ = {
			isa = XCConfigurationList;
			buildConfigurations = (
				496299791A6A216B008C431C /* Debug */,
				4962997A1A6A216B008C431C /* Release */,
			);
			defaultConfigurationIsVisible = 0;
			defaultConfigurationName = Release;
		};
		4962997B1A6A216B008C431C /* Build configuration list for PBXNativeTarget "altTests" */ = {
			isa = XCConfigurationList;
			buildConfigurations = (
				4962997C1A6A216B008C431C /* Debug */,
				4962997D1A6A216B008C431C /* Release */,
			);
			defaultConfigurationIsVisible = 0;
			defaultConfigurationName = Release;
		};
		496299A21A6A2CA1008C431C /* Build configuration list for PBXNativeTarget "keyboard" */ = {
			isa = XCConfigurationList;
			buildConfigurations = (
				496299A31A6A2CA1008C431C /* Debug */,
				496299A41A6A2CA1008C431C /* Release */,
			);
			defaultConfigurationIsVisible = 0;
			defaultConfigurationName = Release;
		};
/* End XCConfigurationList section */
	};
	rootObject = 496299511A6A216B008C431C /* Project object */;
}
